{
  "version": 4,
  "terraform_version": "1.5.6",
  "serial": 170,
  "lineage": "070f3915-3e89-a424-a237-8fea905da0ff",
  "outputs": {},
  "resources": [
    {
      "module": "module.rg2",
      "mode": "managed",
      "type": "azurerm_resource_group",
      "name": "example",
      "provider": "provider[\"registry.terraform.io/hashicorp/azurerm\"]",
      "instances": [
        {
          "schema_version": 0,
          "attributes": {
            "id": "/subscriptions/2e1d6cf9-cfa4-4d13-af58-dae7e7d8ab59/resourceGroups/Binu-rg1",
            "location": "northeurope",
            "managed_by": "",
            "name": "Binu-rg1",
            "tags": {},
            "timeouts": null
          },
          "sensitive_attributes": [],
          "private": "eyJlMmJmYjczMC1lY2FhLTExZTYtOGY4OC0zNDM2M2JjN2M0YzAiOnsiY3JlYXRlIjo1NDAwMDAwMDAwMDAwLCJkZWxldGUiOjU0MDAwMDAwMDAwMDAsInJlYWQiOjMwMDAwMDAwMDAwMCwidXBkYXRlIjo1NDAwMDAwMDAwMDAwfX0="
        }
      ]
    }
  ],
  "check_results": null
}
